
Microsoft Visual Studio Solution File, Format Version 12.00
# Visual Studio Version 16
VisualStudioVersion = 16.0.29613.14
MinimumVisualStudioVersion = 10.0.40219.1
Project("{FAE04EC0-301F-11D3-BF4B-00C04F79EFBC}") = "SalesWebMvc", "SalesWebMvc\SalesWebMvc.csproj", "{79AAC78C-20E4-4989-B72D-5EC4774F9C58}"
EndProject
Global
	GlobalSection(SolutionConfigurationPlatforms) = preSolution
		Debug|Any CPU = Debug|Any CPU
		Release|Any CPU = Release|Any CPU
	EndGlobalSection
	GlobalSection(ProjectConfigurationPlatforms) = postSolution
		{79AAC78C-20E4-4989-B72D-5EC4774F9C58}.Debug|Any CPU.ActiveCfg = Debug|Any CPU
		{79AAC78C-20E4-4989-B72D-5EC4774F9C58}.Debug|Any CPU.Build.0 = Debug|Any CPU
		{79AAC78C-20E4-4989-B72D-5EC4774F9C58}.Release|Any CPU.ActiveCfg = Release|Any CPU
		{79AAC78C-20E4-4989-B72D-5EC4774F9C58}.Release|Any CPU.Build.0 = Release|Any CPU
	EndGlobalSection
	GlobalSection(SolutionProperties) = preSolution
		HideSolutionNode = FALSE
	EndGlobalSection
	GlobalSection(ExtensibilityGlobals) = postSolution
		SolutionGuid = {8D7C965A-1637-408A-B0D0-2A3CE5CBF134}
	EndGlobalSection
EndGlobal
